
Microsoft Visual Studio Solution File, Format Version 12.00
# Visual Studio Version 18
VisualStudioVersion = 18.0.11123.170
MinimumVisualStudioVersion = 10.0.40219.1
Project("{FAE04EC0-301F-11D3-BF4B-00C04F79EFBC}") = "GameData", "GameData\GameData.csproj", "{A69E34FD-3C4E-476E-BDBE-3C62858E49D0}"
EndProject
Project("{FAE04EC0-301F-11D3-BF4B-00C04F79EFBC}") = "GameLogic", "GameLogic\GameLogic.csproj", "{1ECBBAEE-EBB6-42DE-BACC-CA68E4A634B0}"
EndProject
Project("{FAE04EC0-301F-11D3-BF4B-00C04F79EFBC}") = "Infrastructure.Json", "src\Infrastructure.Json\Infrastructure.Json.csproj", "{A1DB361E-F800-469F-B470-9E76873851F2}"
EndProject
Project("{2150E333-8FDC-42A3-9474-1A3956D46DE8}") = "test", "test", "{0C88DD14-F956-CE84-757C-A364CCF449FC}"
EndProject
Project("{FAE04EC0-301F-11D3-BF4B-00C04F79EFBC}") = "Infrastructure.Json.Tests", "test\Infrastructure.Json.Tests\Infrastructure.Json.Tests.csproj", "{85484F3E-8AEF-4985-B738-8800B3382E96}"
EndProject
Project("{2150E333-8FDC-42A3-9474-1A3956D46DE8}") = "GameLogicTests", "GameLogicTests", "{00C383B3-E431-FB48-7683-238519A7C82F}"
EndProject
Project("{FAE04EC0-301F-11D3-BF4B-00C04F79EFBC}") = "GameLogicTests", "test\GameLogicTests\GameLogicTests\GameLogicTests.csproj", "{68DC0B2A-182A-4058-954C-D2DAE6B7E1BD}"
EndProject
Project("{FAE04EC0-301F-11D3-BF4B-00C04F79EFBC}") = "ConsoleGameImpl", "ConsoleGameImpl\ConsoleGameImpl.csproj", "{4271BB10-93D6-42A6-BC37-1524792A7532}"
EndProject
Project("{FAE04EC0-301F-11D3-BF4B-00C04F79EFBC}") = "TopDown Game", "GodotImpl\TopDown Game.csproj", "{AEE7237B-33C1-5FA5-8C3F-F202098D03B3}"
EndProject
Project("{2150E333-8FDC-42A3-9474-1A3956D46DE8}") = "Solution Items", "Solution Items", "{D62C1A5A-B40E-45FD-A4BA-B2D45150534B}"
	ProjectSection(SolutionItems) = preProject
		GodotImpl\TopDown Game.sln = GodotImpl\TopDown Game.sln
	EndProjectSection
EndProject
Global
	GlobalSection(SolutionConfigurationPlatforms) = preSolution
		Debug|Any CPU = Debug|Any CPU
		Debug|x64 = Debug|x64
		Debug|x86 = Debug|x86
		ExportDebug|Any CPU = ExportDebug|Any CPU
		ExportDebug|x64 = ExportDebug|x64
		ExportDebug|x86 = ExportDebug|x86
		ExportRelease|Any CPU = ExportRelease|Any CPU
		ExportRelease|x64 = ExportRelease|x64
		ExportRelease|x86 = ExportRelease|x86
		Release|Any CPU = Release|Any CPU
		Release|x64 = Release|x64
		Release|x86 = Release|x86
	EndGlobalSection
	GlobalSection(ProjectConfigurationPlatforms) = postSolution
		{A69E34FD-3C4E-476E-BDBE-3C62858E49D0}.Debug|Any CPU.ActiveCfg = Debug|Any CPU
		{A69E34FD-3C4E-476E-BDBE-3C62858E49D0}.Debug|Any CPU.Build.0 = Debug|Any CPU
		{A69E34FD-3C4E-476E-BDBE-3C62858E49D0}.Debug|x64.ActiveCfg = Debug|Any CPU
		{A69E34FD-3C4E-476E-BDBE-3C62858E49D0}.Debug|x64.Build.0 = Debug|Any CPU
		{A69E34FD-3C4E-476E-BDBE-3C62858E49D0}.Debug|x86.ActiveCfg = Debug|Any CPU
		{A69E34FD-3C4E-476E-BDBE-3C62858E49D0}.Debug|x86.Build.0 = Debug|Any CPU
		{A69E34FD-3C4E-476E-BDBE-3C62858E49D0}.ExportDebug|Any CPU.ActiveCfg = Debug|Any CPU
		{A69E34FD-3C4E-476E-BDBE-3C62858E49D0}.ExportDebug|Any CPU.Build.0 = Debug|Any CPU
		{A69E34FD-3C4E-476E-BDBE-3C62858E49D0}.ExportDebug|x64.ActiveCfg = Debug|Any CPU
		{A69E34FD-3C4E-476E-BDBE-3C62858E49D0}.ExportDebug|x64.Build.0 = Debug|Any CPU
		{A69E34FD-3C4E-476E-BDBE-3C62858E49D0}.ExportDebug|x86.ActiveCfg = Debug|Any CPU
		{A69E34FD-3C4E-476E-BDBE-3C62858E49D0}.ExportDebug|x86.Build.0 = Debug|Any CPU
		{A69E34FD-3C4E-476E-BDBE-3C62858E49D0}.ExportRelease|Any CPU.ActiveCfg = Debug|Any CPU
		{A69E34FD-3C4E-476E-BDBE-3C62858E49D0}.ExportRelease|Any CPU.Build.0 = Debug|Any CPU
		{A69E34FD-3C4E-476E-BDBE-3C62858E49D0}.ExportRelease|x64.ActiveCfg = Debug|Any CPU
		{A69E34FD-3C4E-476E-BDBE-3C62858E49D0}.ExportRelease|x64.Build.0 = Debug|Any CPU
		{A69E34FD-3C4E-476E-BDBE-3C62858E49D0}.ExportRelease|x86.ActiveCfg = Debug|Any CPU
		{A69E34FD-3C4E-476E-BDBE-3C62858E49D0}.ExportRelease|x86.Build.0 = Debug|Any CPU
		{A69E34FD-3C4E-476E-BDBE-3C62858E49D0}.Release|Any CPU.ActiveCfg = Release|Any CPU
		{A69E34FD-3C4E-476E-BDBE-3C62858E49D0}.Release|Any CPU.Build.0 = Release|Any CPU
		{A69E34FD-3C4E-476E-BDBE-3C62858E49D0}.Release|x64.ActiveCfg = Release|Any CPU
		{A69E34FD-3C4E-476E-BDBE-3C62858E49D0}.Release|x64.Build.0 = Release|Any CPU
		{A69E34FD-3C4E-476E-BDBE-3C62858E49D0}.Release|x86.ActiveCfg = Release|Any CPU
		{A69E34FD-3C4E-476E-BDBE-3C62858E49D0}.Release|x86.Build.0 = Release|Any CPU
		{1ECBBAEE-EBB6-42DE-BACC-CA68E4A634B0}.Debug|Any CPU.ActiveCfg = Debug|Any CPU
		{1ECBBAEE-EBB6-42DE-BACC-CA68E4A634B0}.Debug|Any CPU.Build.0 = Debug|Any CPU
		{1ECBBAEE-EBB6-42DE-BACC-CA68E4A634B0}.Debug|x64.ActiveCfg = Debug|Any CPU
		{1ECBBAEE-EBB6-42DE-BACC-CA68E4A634B0}.Debug|x64.Build.0 = Debug|Any CPU
		{1ECBBAEE-EBB6-42DE-BACC-CA68E4A634B0}.Debug|x86.ActiveCfg = Debug|Any CPU
		{1ECBBAEE-EBB6-42DE-BACC-CA68E4A634B0}.Debug|x86.Build.0 = Debug|Any CPU
		{1ECBBAEE-EBB6-42DE-BACC-CA68E4A634B0}.ExportDebug|Any CPU.ActiveCfg = Debug|Any CPU
		{1ECBBAEE-EBB6-42DE-BACC-CA68E4A634B0}.ExportDebug|Any CPU.Build.0 = Debug|Any CPU
		{1ECBBAEE-EBB6-42DE-BACC-CA68E4A634B0}.ExportDebug|x64.ActiveCfg = Debug|Any CPU
		{1ECBBAEE-EBB6-42DE-BACC-CA68E4A634B0}.ExportDebug|x64.Build.0 = Debug|Any CPU
		{1ECBBAEE-EBB6-42DE-BACC-CA68E4A634B0}.ExportDebug|x86.ActiveCfg = Debug|Any CPU
		{1ECBBAEE-EBB6-42DE-BACC-CA68E4A634B0}.ExportDebug|x86.Build.0 = Debug|Any CPU
		{1ECBBAEE-EBB6-42DE-BACC-CA68E4A634B0}.ExportRelease|Any CPU.ActiveCfg = Debug|Any CPU
		{1ECBBAEE-EBB6-42DE-BACC-CA68E4A634B0}.ExportRelease|Any CPU.Build.0 = Debug|Any CPU
		{1ECBBAEE-EBB6-42DE-BACC-CA68E4A634B0}.ExportRelease|x64.ActiveCfg = Debug|Any CPU
		{1ECBBAEE-EBB6-42DE-BACC-CA68E4A634B0}.ExportRelease|x64.Build.0 = Debug|Any CPU
		{1ECBBAEE-EBB6-42DE-BACC-CA68E4A634B0}.ExportRelease|x86.ActiveCfg = Debug|Any CPU
		{1ECBBAEE-EBB6-42DE-BACC-CA68E4A634B0}.ExportRelease|x86.Build.0 = Debug|Any CPU
		{1ECBBAEE-EBB6-42DE-BACC-CA68E4A634B0}.Release|Any CPU.ActiveCfg = Release|Any CPU
		{1ECBBAEE-EBB6-42DE-BACC-CA68E4A634B0}.Release|Any CPU.Build.0 = Release|Any CPU
		{1ECBBAEE-EBB6-42DE-BACC-CA68E4A634B0}.Release|x64.ActiveCfg = Release|Any CPU
		{1ECBBAEE-EBB6-42DE-BACC-CA68E4A634B0}.Release|x64.Build.0 = Release|Any CPU
		{1ECBBAEE-EBB6-42DE-BACC-CA68E4A634B0}.Release|x86.ActiveCfg = Release|Any CPU
		{1ECBBAEE-EBB6-42DE-BACC-CA68E4A634B0}.Release|x86.Build.0 = Release|Any CPU
		{A1DB361E-F800-469F-B470-9E76873851F2}.Debug|Any CPU.ActiveCfg = Debug|Any CPU
		{A1DB361E-F800-469F-B470-9E76873851F2}.Debug|Any CPU.Build.0 = Debug|Any CPU
		{A1DB361E-F800-469F-B470-9E76873851F2}.Debug|x64.ActiveCfg = Debug|Any CPU
		{A1DB361E-F800-469F-B470-9E76873851F2}.Debug|x64.Build.0 = Debug|Any CPU
		{A1DB361E-F800-469F-B470-9E76873851F2}.Debug|x86.ActiveCfg = Debug|Any CPU
		{A1DB361E-F800-469F-B470-9E76873851F2}.Debug|x86.Build.0 = Debug|Any CPU
		{A1DB361E-F800-469F-B470-9E76873851F2}.ExportDebug|Any CPU.ActiveCfg = Debug|Any CPU
		{A1DB361E-F800-469F-B470-9E76873851F2}.ExportDebug|Any CPU.Build.0 = Debug|Any CPU
		{A1DB361E-F800-469F-B470-9E76873851F2}.ExportDebug|x64.ActiveCfg = Debug|Any CPU
		{A1DB361E-F800-469F-B470-9E76873851F2}.ExportDebug|x64.Build.0 = Debug|Any CPU
		{A1DB361E-F800-469F-B470-9E76873851F2}.ExportDebug|x86.ActiveCfg = Debug|Any CPU
		{A1DB361E-F800-469F-B470-9E76873851F2}.ExportDebug|x86.Build.0 = Debug|Any CPU
		{A1DB361E-F800-469F-B470-9E76873851F2}.ExportRelease|Any CPU.ActiveCfg = Debug|Any CPU
		{A1DB361E-F800-469F-B470-9E76873851F2}.ExportRelease|Any CPU.Build.0 = Debug|Any CPU
		{A1DB361E-F800-469F-B470-9E76873851F2}.ExportRelease|x64.ActiveCfg = Debug|Any CPU
		{A1DB361E-F800-469F-B470-9E76873851F2}.ExportRelease|x64.Build.0 = Debug|Any CPU
		{A1DB361E-F800-469F-B470-9E76873851F2}.ExportRelease|x86.ActiveCfg = Debug|Any CPU
		{A1DB361E-F800-469F-B470-9E76873851F2}.ExportRelease|x86.Build.0 = Debug|Any CPU
		{A1DB361E-F800-469F-B470-9E76873851F2}.Release|Any CPU.ActiveCfg = Release|Any CPU
		{A1DB361E-F800-469F-B470-9E76873851F2}.Release|Any CPU.Build.0 = Release|Any CPU
		{A1DB361E-F800-469F-B470-9E76873851F2}.Release|x64.ActiveCfg = Release|Any CPU
		{A1DB361E-F800-469F-B470-9E76873851F2}.Release|x64.Build.0 = Release|Any CPU
		{A1DB361E-F800-469F-B470-9E76873851F2}.Release|x86.ActiveCfg = Release|Any CPU
		{A1DB361E-F800-469F-B470-9E76873851F2}.Release|x86.Build.0 = Release|Any CPU
		{85484F3E-8AEF-4985-B738-8800B3382E96}.Debug|Any CPU.ActiveCfg = Debug|Any CPU
		{85484F3E-8AEF-4985-B738-8800B3382E96}.Debug|Any CPU.Build.0 = Debug|Any CPU
		{85484F3E-8AEF-4985-B738-8800B3382E96}.Debug|x64.ActiveCfg = Debug|Any CPU
		{85484F3E-8AEF-4985-B738-8800B3382E96}.Debug|x64.Build.0 = Debug|Any CPU
		{85484F3E-8AEF-4985-B738-8800B3382E96}.Debug|x86.ActiveCfg = Debug|Any CPU
		{85484F3E-8AEF-4985-B738-8800B3382E96}.Debug|x86.Build.0 = Debug|Any CPU
		{85484F3E-8AEF-4985-B738-8800B3382E96}.ExportDebug|Any CPU.ActiveCfg = Debug|Any CPU
		{85484F3E-8AEF-4985-B738-8800B3382E96}.ExportDebug|Any CPU.Build.0 = Debug|Any CPU
		{85484F3E-8AEF-4985-B738-8800B3382E96}.ExportDebug|x64.ActiveCfg = Debug|Any CPU
		{85484F3E-8AEF-4985-B738-8800B3382E96}.ExportDebug|x64.Build.0 = Debug|Any CPU
		{85484F3E-8AEF-4985-B738-8800B3382E96}.ExportDebug|x86.ActiveCfg = Debug|Any CPU
		{85484F3E-8AEF-4985-B738-8800B3382E96}.ExportDebug|x86.Build.0 = Debug|Any CPU
		{85484F3E-8AEF-4985-B738-8800B3382E96}.ExportRelease|Any CPU.ActiveCfg = Debug|Any CPU
		{85484F3E-8AEF-4985-B738-8800B3382E96}.ExportRelease|Any CPU.Build.0 = Debug|Any CPU
		{85484F3E-8AEF-4985-B738-8800B3382E96}.ExportRelease|x64.ActiveCfg = Debug|Any CPU
		{85484F3E-8AEF-4985-B738-8800B3382E96}.ExportRelease|x64.Build.0 = Debug|Any CPU
		{85484F3E-8AEF-4985-B738-8800B3382E96}.ExportRelease|x86.ActiveCfg = Debug|Any CPU
		{85484F3E-8AEF-4985-B738-8800B3382E96}.ExportRelease|x86.Build.0 = Debug|Any CPU
		{85484F3E-8AEF-4985-B738-8800B3382E96}.Release|Any CPU.ActiveCfg = Release|Any CPU
		{85484F3E-8AEF-4985-B738-8800B3382E96}.Release|Any CPU.Build.0 = Release|Any CPU
		{85484F3E-8AEF-4985-B738-8800B3382E96}.Release|x64.ActiveCfg = Release|Any CPU
		{85484F3E-8AEF-4985-B738-8800B3382E96}.Release|x64.Build.0 = Release|Any CPU
		{85484F3E-8AEF-4985-B738-8800B3382E96}.Release|x86.ActiveCfg = Release|Any CPU
		{85484F3E-8AEF-4985-B738-8800B3382E96}.Release|x86.Build.0 = Release|Any CPU
		{68DC0B2A-182A-4058-954C-D2DAE6B7E1BD}.Debug|Any CPU.ActiveCfg = Debug|Any CPU
		{68DC0B2A-182A-4058-954C-D2DAE6B7E1BD}.Debug|Any CPU.Build.0 = Debug|Any CPU
		{68DC0B2A-182A-4058-954C-D2DAE6B7E1BD}.Debug|x64.ActiveCfg = Debug|Any CPU
		{68DC0B2A-182A-4058-954C-D2DAE6B7E1BD}.Debug|x64.Build.0 = Debug|Any CPU
		{68DC0B2A-182A-4058-954C-D2DAE6B7E1BD}.Debug|x86.ActiveCfg = Debug|Any CPU
		{68DC0B2A-182A-4058-954C-D2DAE6B7E1BD}.Debug|x86.Build.0 = Debug|Any CPU
		{68DC0B2A-182A-4058-954C-D2DAE6B7E1BD}.ExportDebug|Any CPU.ActiveCfg = Debug|Any CPU
		{68DC0B2A-182A-4058-954C-D2DAE6B7E1BD}.ExportDebug|Any CPU.Build.0 = Debug|Any CPU
		{68DC0B2A-182A-4058-954C-D2DAE6B7E1BD}.ExportDebug|x64.ActiveCfg = Debug|Any CPU
		{68DC0B2A-182A-4058-954C-D2DAE6B7E1BD}.ExportDebug|x64.Build.0 = Debug|Any CPU
		{68DC0B2A-182A-4058-954C-D2DAE6B7E1BD}.ExportDebug|x86.ActiveCfg = Debug|Any CPU
		{68DC0B2A-182A-4058-954C-D2DAE6B7E1BD}.ExportDebug|x86.Build.0 = Debug|Any CPU
		{68DC0B2A-182A-4058-954C-D2DAE6B7E1BD}.ExportRelease|Any CPU.ActiveCfg = Debug|Any CPU
		{68DC0B2A-182A-4058-954C-D2DAE6B7E1BD}.ExportRelease|Any CPU.Build.0 = Debug|Any CPU
		{68DC0B2A-182A-4058-954C-D2DAE6B7E1BD}.ExportRelease|x64.ActiveCfg = Debug|Any CPU
		{68DC0B2A-182A-4058-954C-D2DAE6B7E1BD}.ExportRelease|x64.Build.0 = Debug|Any CPU
		{68DC0B2A-182A-4058-954C-D2DAE6B7E1BD}.ExportRelease|x86.ActiveCfg = Debug|Any CPU
		{68DC0B2A-182A-4058-954C-D2DAE6B7E1BD}.ExportRelease|x86.Build.0 = Debug|Any CPU
		{68DC0B2A-182A-4058-954C-D2DAE6B7E1BD}.Release|Any CPU.ActiveCfg = Release|Any CPU
		{68DC0B2A-182A-4058-954C-D2DAE6B7E1BD}.Release|Any CPU.Build.0 = Release|Any CPU
		{68DC0B2A-182A-4058-954C-D2DAE6B7E1BD}.Release|x64.ActiveCfg = Release|Any CPU
		{68DC0B2A-182A-4058-954C-D2DAE6B7E1BD}.Release|x64.Build.0 = Release|Any CPU
		{68DC0B2A-182A-4058-954C-D2DAE6B7E1BD}.Release|x86.ActiveCfg = Release|Any CPU
		{68DC0B2A-182A-4058-954C-D2DAE6B7E1BD}.Release|x86.Build.0 = Release|Any CPU
		{4271BB10-93D6-42A6-BC37-1524792A7532}.Debug|Any CPU.ActiveCfg = Debug|Any CPU
		{4271BB10-93D6-42A6-BC37-1524792A7532}.Debug|Any CPU.Build.0 = Debug|Any CPU
		{4271BB10-93D6-42A6-BC37-1524792A7532}.Debug|x64.ActiveCfg = Debug|Any CPU
		{4271BB10-93D6-42A6-BC37-1524792A7532}.Debug|x64.Build.0 = Debug|Any CPU
		{4271BB10-93D6-42A6-BC37-1524792A7532}.Debug|x86.ActiveCfg = Debug|Any CPU
		{4271BB10-93D6-42A6-BC37-1524792A7532}.Debug|x86.Build.0 = Debug|Any CPU
		{4271BB10-93D6-42A6-BC37-1524792A7532}.ExportDebug|Any CPU.ActiveCfg = Debug|Any CPU
		{4271BB10-93D6-42A6-BC37-1524792A7532}.ExportDebug|Any CPU.Build.0 = Debug|Any CPU
		{4271BB10-93D6-42A6-BC37-1524792A7532}.ExportDebug|x64.ActiveCfg = Debug|Any CPU
		{4271BB10-93D6-42A6-BC37-1524792A7532}.ExportDebug|x64.Build.0 = Debug|Any CPU
		{4271BB10-93D6-42A6-BC37-1524792A7532}.ExportDebug|x86.ActiveCfg = Debug|Any CPU
		{4271BB10-93D6-42A6-BC37-1524792A7532}.ExportDebug|x86.Build.0 = Debug|Any CPU
		{4271BB10-93D6-42A6-BC37-1524792A7532}.ExportRelease|Any CPU.ActiveCfg = Debug|Any CPU
		{4271BB10-93D6-42A6-BC37-1524792A7532}.ExportRelease|Any CPU.Build.0 = Debug|Any CPU
		{4271BB10-93D6-42A6-BC37-1524792A7532}.ExportRelease|x64.ActiveCfg = Debug|Any CPU
		{4271BB10-93D6-42A6-BC37-1524792A7532}.ExportRelease|x64.Build.0 = Debug|Any CPU
		{4271BB10-93D6-42A6-BC37-1524792A7532}.ExportRelease|x86.ActiveCfg = Debug|Any CPU
		{4271BB10-93D6-42A6-BC37-1524792A7532}.ExportRelease|x86.Build.0 = Debug|Any CPU
		{4271BB10-93D6-42A6-BC37-1524792A7532}.Release|Any CPU.ActiveCfg = Release|Any CPU
		{4271BB10-93D6-42A6-BC37-1524792A7532}.Release|Any CPU.Build.0 = Release|Any CPU
		{4271BB10-93D6-42A6-BC37-1524792A7532}.Release|x64.ActiveCfg = Release|Any CPU
		{4271BB10-93D6-42A6-BC37-1524792A7532}.Release|x64.Build.0 = Release|Any CPU
		{4271BB10-93D6-42A6-BC37-1524792A7532}.Release|x86.ActiveCfg = Release|Any CPU
		{4271BB10-93D6-42A6-BC37-1524792A7532}.Release|x86.Build.0 = Release|Any CPU
		{AEE7237B-33C1-5FA5-8C3F-F202098D03B3}.Debug|Any CPU.ActiveCfg = Debug|Any CPU
		{AEE7237B-33C1-5FA5-8C3F-F202098D03B3}.Debug|Any CPU.Build.0 = Debug|Any CPU
		{AEE7237B-33C1-5FA5-8C3F-F202098D03B3}.Debug|x64.ActiveCfg = Debug|Any CPU
		{AEE7237B-33C1-5FA5-8C3F-F202098D03B3}.Debug|x64.Build.0 = Debug|Any CPU
		{AEE7237B-33C1-5FA5-8C3F-F202098D03B3}.Debug|x86.ActiveCfg = Debug|Any CPU
		{AEE7237B-33C1-5FA5-8C3F-F202098D03B3}.Debug|x86.Build.0 = Debug|Any CPU
		{AEE7237B-33C1-5FA5-8C3F-F202098D03B3}.ExportDebug|Any CPU.ActiveCfg = ExportDebug|Any CPU
		{AEE7237B-33C1-5FA5-8C3F-F202098D03B3}.ExportDebug|Any CPU.Build.0 = ExportDebug|Any CPU
		{AEE7237B-33C1-5FA5-8C3F-F202098D03B3}.ExportDebug|x64.ActiveCfg = ExportDebug|Any CPU
		{AEE7237B-33C1-5FA5-8C3F-F202098D03B3}.ExportDebug|x64.Build.0 = ExportDebug|Any CPU
		{AEE7237B-33C1-5FA5-8C3F-F202098D03B3}.ExportDebug|x86.ActiveCfg = ExportDebug|Any CPU
		{AEE7237B-33C1-5FA5-8C3F-F202098D03B3}.ExportDebug|x86.Build.0 = ExportDebug|Any CPU
		{AEE7237B-33C1-5FA5-8C3F-F202098D03B3}.ExportRelease|Any CPU.ActiveCfg = ExportRelease|Any CPU
		{AEE7237B-33C1-5FA5-8C3F-F202098D03B3}.ExportRelease|Any CPU.Build.0 = ExportRelease|Any CPU
		{AEE7237B-33C1-5FA5-8C3F-F202098D03B3}.ExportRelease|x64.ActiveCfg = ExportRelease|Any CPU
		{AEE7237B-33C1-5FA5-8C3F-F202098D03B3}.ExportRelease|x64.Build.0 = ExportRelease|Any CPU
		{AEE7237B-33C1-5FA5-8C3F-F202098D03B3}.ExportRelease|x86.ActiveCfg = ExportRelease|Any CPU
		{AEE7237B-33C1-5FA5-8C3F-F202098D03B3}.ExportRelease|x86.Build.0 = ExportRelease|Any CPU
		{AEE7237B-33C1-5FA5-8C3F-F202098D03B3}.Release|Any CPU.ActiveCfg = ExportDebug|Any CPU
		{AEE7237B-33C1-5FA5-8C3F-F202098D03B3}.Release|Any CPU.Build.0 = ExportDebug|Any CPU
		{AEE7237B-33C1-5FA5-8C3F-F202098D03B3}.Release|x64.ActiveCfg = ExportDebug|Any CPU
		{AEE7237B-33C1-5FA5-8C3F-F202098D03B3}.Release|x64.Build.0 = ExportDebug|Any CPU
		{AEE7237B-33C1-5FA5-8C3F-F202098D03B3}.Release|x86.ActiveCfg = ExportDebug|Any CPU
		{AEE7237B-33C1-5FA5-8C3F-F202098D03B3}.Release|x86.Build.0 = ExportDebug|Any CPU
	EndGlobalSection
	GlobalSection(SolutionProperties) = preSolution
		HideSolutionNode = FALSE
	EndGlobalSection
	GlobalSection(NestedProjects) = preSolution
		{85484F3E-8AEF-4985-B738-8800B3382E96} = {0C88DD14-F956-CE84-757C-A364CCF449FC}
		{00C383B3-E431-FB48-7683-238519A7C82F} = {0C88DD14-F956-CE84-757C-A364CCF449FC}
		{68DC0B2A-182A-4058-954C-D2DAE6B7E1BD} = {00C383B3-E431-FB48-7683-238519A7C82F}
	EndGlobalSection
	GlobalSection(ExtensibilityGlobals) = postSolution
		SolutionGuid = {3D94DEB4-D8ED-4E17-9383-63CCB9EFD558}
	EndGlobalSection
EndGlobal
