
Microsoft Visual Studio Solution File, Format Version 12.00
# Visual Studio Version 18
VisualStudioVersion = 18.3.11312.210 d18.3
MinimumVisualStudioVersion = 10.0.40219.1
Project("{FAE04EC0-301F-11D3-BF4B-00C04F79EFBC}") = "TopDown Game", "TopDown Game.csproj", "{BCA136E9-8BF2-45A9-8BA8-DFF5F0B7841D}"
EndProject
Global
	GlobalSection(SolutionConfigurationPlatforms) = preSolution
		Debug|Any CPU = Debug|Any CPU
		ExportDebug|Any CPU = ExportDebug|Any CPU
		ExportRelease|Any CPU = ExportRelease|Any CPU
	EndGlobalSection
	GlobalSection(ProjectConfigurationPlatforms) = postSolution
		{BCA136E9-8BF2-45A9-8BA8-DFF5F0B7841D}.Debug|Any CPU.ActiveCfg = Debug|Any CPU
		{BCA136E9-8BF2-45A9-8BA8-DFF5F0B7841D}.Debug|Any CPU.Build.0 = Debug|Any CPU
		{BCA136E9-8BF2-45A9-8BA8-DFF5F0B7841D}.ExportDebug|Any CPU.ActiveCfg = ExportDebug|Any CPU
		{BCA136E9-8BF2-45A9-8BA8-DFF5F0B7841D}.ExportDebug|Any CPU.Build.0 = ExportDebug|Any CPU
		{BCA136E9-8BF2-45A9-8BA8-DFF5F0B7841D}.ExportRelease|Any CPU.ActiveCfg = ExportRelease|Any CPU
		{BCA136E9-8BF2-45A9-8BA8-DFF5F0B7841D}.ExportRelease|Any CPU.Build.0 = ExportRelease|Any CPU
	EndGlobalSection
	GlobalSection(SolutionProperties) = preSolution
		HideSolutionNode = FALSE
	EndGlobalSection
	GlobalSection(ExtensibilityGlobals) = postSolution
		SolutionGuid = {EDC23088-85BA-4BF9-94A0-BB44921604C0}
	EndGlobalSection
EndGlobal
